
Microsoft Visual Studio Solution File, Format Version 12.00
# Visual Studio Version 17
VisualStudioVersion = 17.8.34330.188
MinimumVisualStudioVersion = 10.0.40219.1
Project("{FAE04EC0-301F-11D3-BF4B-00C04F79EFBC}") = "WebAPi.Tutorial", "WebAPi.Tutorial.csproj", "{A6ABD41A-17BE-4625-9044-89B6D5857B2A}"
EndProject
Global
	GlobalSection(SolutionConfigurationPlatforms) = preSolution
		Debug|Any CPU = Debug|Any CPU
		Release|Any CPU = Release|Any CPU
	EndGlobalSection
	GlobalSection(ProjectConfigurationPlatforms) = postSolution
		{A6ABD41A-17BE-4625-9044-89B6D5857B2A}.Debug|Any CPU.ActiveCfg = Debug|Any CPU
		{A6ABD41A-17BE-4625-9044-89B6D5857B2A}.Debug|Any CPU.Build.0 = Debug|Any CPU
		{A6ABD41A-17BE-4625-9044-89B6D5857B2A}.Release|Any CPU.ActiveCfg = Release|Any CPU
		{A6ABD41A-17BE-4625-9044-89B6D5857B2A}.Release|Any CPU.Build.0 = Release|Any CPU
	EndGlobalSection
	GlobalSection(SolutionProperties) = preSolution
		HideSolutionNode = FALSE
	EndGlobalSection
	GlobalSection(ExtensibilityGlobals) = postSolution
		SolutionGuid = {41C680DA-5BC7-4395-8BB0-B3A2246D579E}
	EndGlobalSection
EndGlobal
