
Microsoft Visual Studio Solution File, Format Version 12.00
# Visual Studio Version 17
VisualStudioVersion = 17.8.34330.188
MinimumVisualStudioVersion = 10.0.40219.1
Project("{FAE04EC0-301F-11D3-BF4B-00C04F79EFBC}") = "AdvertisementApp.Shared", "AdvertisementApp.Shared\AdvertisementApp.Shared.csproj", "{DA78B758-9662-4644-BBE0-8334A553E636}"
EndProject
Project("{FAE04EC0-301F-11D3-BF4B-00C04F79EFBC}") = "AdvertisementApp.Entities", "AdvertisementApp.Entities\AdvertisementApp.Entities.csproj", "{F2803440-6994-4BE7-B144-274DC20E50F2}"
EndProject
Project("{FAE04EC0-301F-11D3-BF4B-00C04F79EFBC}") = "AdvertisementApp.Data", "AdvertisementApp.Data\AdvertisementApp.Data.csproj", "{F22C07ED-E5EB-4B2A-BFB6-3A82FE8296E6}"
EndProject
Project("{FAE04EC0-301F-11D3-BF4B-00C04F79EFBC}") = "AdvertisementApp.Business", "AdvertisementApp.Business\AdvertisementApp.Business.csproj", "{8C8641DF-9943-4644-8222-4C6929CACA76}"
EndProject
Project("{FAE04EC0-301F-11D3-BF4B-00C04F79EFBC}") = "AdvertisementApp.UI", "AdvertisementApp.UI\AdvertisementApp.UI.csproj", "{0948D440-48D0-4FC1-9762-2F0FC4A1C4D6}"
EndProject
Global
	GlobalSection(SolutionConfigurationPlatforms) = preSolution
		Debug|Any CPU = Debug|Any CPU
		Release|Any CPU = Release|Any CPU
	EndGlobalSection
	GlobalSection(ProjectConfigurationPlatforms) = postSolution
		{DA78B758-9662-4644-BBE0-8334A553E636}.Debug|Any CPU.ActiveCfg = Debug|Any CPU
		{DA78B758-9662-4644-BBE0-8334A553E636}.Debug|Any CPU.Build.0 = Debug|Any CPU
		{DA78B758-9662-4644-BBE0-8334A553E636}.Release|Any CPU.ActiveCfg = Release|Any CPU
		{DA78B758-9662-4644-BBE0-8334A553E636}.Release|Any CPU.Build.0 = Release|Any CPU
		{F2803440-6994-4BE7-B144-274DC20E50F2}.Debug|Any CPU.ActiveCfg = Debug|Any CPU
		{F2803440-6994-4BE7-B144-274DC20E50F2}.Debug|Any CPU.Build.0 = Debug|Any CPU
		{F2803440-6994-4BE7-B144-274DC20E50F2}.Release|Any CPU.ActiveCfg = Release|Any CPU
		{F2803440-6994-4BE7-B144-274DC20E50F2}.Release|Any CPU.Build.0 = Release|Any CPU
		{F22C07ED-E5EB-4B2A-BFB6-3A82FE8296E6}.Debug|Any CPU.ActiveCfg = Debug|Any CPU
		{F22C07ED-E5EB-4B2A-BFB6-3A82FE8296E6}.Debug|Any CPU.Build.0 = Debug|Any CPU
		{F22C07ED-E5EB-4B2A-BFB6-3A82FE8296E6}.Release|Any CPU.ActiveCfg = Release|Any CPU
		{F22C07ED-E5EB-4B2A-BFB6-3A82FE8296E6}.Release|Any CPU.Build.0 = Release|Any CPU
		{8C8641DF-9943-4644-8222-4C6929CACA76}.Debug|Any CPU.ActiveCfg = Debug|Any CPU
		{8C8641DF-9943-4644-8222-4C6929CACA76}.Debug|Any CPU.Build.0 = Debug|Any CPU
		{8C8641DF-9943-4644-8222-4C6929CACA76}.Release|Any CPU.ActiveCfg = Release|Any CPU
		{8C8641DF-9943-4644-8222-4C6929CACA76}.Release|Any CPU.Build.0 = Release|Any CPU
		{0948D440-48D0-4FC1-9762-2F0FC4A1C4D6}.Debug|Any CPU.ActiveCfg = Debug|Any CPU
		{0948D440-48D0-4FC1-9762-2F0FC4A1C4D6}.Debug|Any CPU.Build.0 = Debug|Any CPU
		{0948D440-48D0-4FC1-9762-2F0FC4A1C4D6}.Release|Any CPU.ActiveCfg = Release|Any CPU
		{0948D440-48D0-4FC1-9762-2F0FC4A1C4D6}.Release|Any CPU.Build.0 = Release|Any CPU
	EndGlobalSection
	GlobalSection(SolutionProperties) = preSolution
		HideSolutionNode = FALSE
	EndGlobalSection
	GlobalSection(ExtensibilityGlobals) = postSolution
		SolutionGuid = {A53B2029-AB8E-42D8-8026-B80AC5E015A1}
	EndGlobalSection
EndGlobal
